
Microsoft Visual Studio Solution File, Format Version 12.00
# Visual Studio Version 17
VisualStudioVersion = 17.14.36717.8 d17.14
MinimumVisualStudioVersion = 10.0.40219.1
Project("{FAE04EC0-301F-11D3-BF4B-00C04F79EFBC}") = "OperationalPlanMS", "OperationalPlanMS\OperationalPlanMS.csproj", "{461B120B-B9CF-4EEE-967F-C1DBB465071B}"
EndProject
Global
	GlobalSection(SolutionConfigurationPlatforms) = preSolution
		Debug|Any CPU = Debug|Any CPU
		Release|Any CPU = Release|Any CPU
	EndGlobalSection
	GlobalSection(ProjectConfigurationPlatforms) = postSolution
		{461B120B-B9CF-4EEE-967F-C1DBB465071B}.Debug|Any CPU.ActiveCfg = Debug|Any CPU
		{461B120B-B9CF-4EEE-967F-C1DBB465071B}.Debug|Any CPU.Build.0 = Debug|Any CPU
		{461B120B-B9CF-4EEE-967F-C1DBB465071B}.Release|Any CPU.ActiveCfg = Release|Any CPU
		{461B120B-B9CF-4EEE-967F-C1DBB465071B}.Release|Any CPU.Build.0 = Release|Any CPU
	EndGlobalSection
	GlobalSection(SolutionProperties) = preSolution
		HideSolutionNode = FALSE
	EndGlobalSection
	GlobalSection(ExtensibilityGlobals) = postSolution
		SolutionGuid = {A8A1F36E-96D8-4CA5-93BF-1110593E56EA}
	EndGlobalSection
EndGlobal
